
Microsoft Visual Studio Solution File, Format Version 12.00
# Visual Studio Version 17
VisualStudioVersion = 17.2.32516.85
MinimumVisualStudioVersion = 10.0.40219.1
Project("{888888A0-9F3D-457C-B088-3A5042F75D52}") = "SPR_Fellowship_Python", "SPR_Fellowship_Python.pyproj", "{FB042882-0F08-4161-8BD2-6D7739F9301E}"
EndProject
Global
	GlobalSection(SolutionConfigurationPlatforms) = preSolution
		Debug|Any CPU = Debug|Any CPU
		Release|Any CPU = Release|Any CPU
	EndGlobalSection
	GlobalSection(ProjectConfigurationPlatforms) = postSolution
		{FB042882-0F08-4161-8BD2-6D7739F9301E}.Debug|Any CPU.ActiveCfg = Debug|Any CPU
		{FB042882-0F08-4161-8BD2-6D7739F9301E}.Release|Any CPU.ActiveCfg = Release|Any CPU
	EndGlobalSection
	GlobalSection(SolutionProperties) = preSolution
		HideSolutionNode = FALSE
	EndGlobalSection
	GlobalSection(ExtensibilityGlobals) = postSolution
		SolutionGuid = {A437D35C-C8F4-4644-B5E9-B966864235FA}
	EndGlobalSection
EndGlobal
